
Microsoft Visual Studio Solution File, Format Version 12.00
# Visual Studio 15
Project("{FAE04EC0-301F-11D3-BF4B-00C04F79EFBC}") = "Assembly-CSharp", "Assembly-CSharp.csproj", "{838813D7-9C10-B695-30AD-2DCC2A8F1E76}"
EndProject
Project("{FAE04EC0-301F-11D3-BF4B-00C04F79EFBC}") = "Assembly-CSharp-Editor", "Assembly-CSharp-Editor.csproj", "{DA297018-01F5-E4FA-F340-118C9E4E767A}"
EndProject
Global
	GlobalSection(SolutionConfigurationPlatforms) = preSolution
		Debug|Any CPU = Debug|Any CPU
		Release|Any CPU = Release|Any CPU
	EndGlobalSection
	GlobalSection(ProjectConfigurationPlatforms) = postSolution
		{838813D7-9C10-B695-30AD-2DCC2A8F1E76}.Debug|Any CPU.ActiveCfg = Debug|Any CPU
		{838813D7-9C10-B695-30AD-2DCC2A8F1E76}.Debug|Any CPU.Build.0 = Debug|Any CPU
		{838813D7-9C10-B695-30AD-2DCC2A8F1E76}.Release|Any CPU.ActiveCfg = Release|Any CPU
		{838813D7-9C10-B695-30AD-2DCC2A8F1E76}.Release|Any CPU.Build.0 = Release|Any CPU
		{DA297018-01F5-E4FA-F340-118C9E4E767A}.Debug|Any CPU.ActiveCfg = Debug|Any CPU
		{DA297018-01F5-E4FA-F340-118C9E4E767A}.Debug|Any CPU.Build.0 = Debug|Any CPU
		{DA297018-01F5-E4FA-F340-118C9E4E767A}.Release|Any CPU.ActiveCfg = Release|Any CPU
		{DA297018-01F5-E4FA-F340-118C9E4E767A}.Release|Any CPU.Build.0 = Release|Any CPU
	EndGlobalSection
	GlobalSection(SolutionProperties) = preSolution
		HideSolutionNode = FALSE
	EndGlobalSection
EndGlobal
